// !$*UTF8*$!
{
	archiveVersion = 1;
	classes = {
	};
	objectVersion = 50;
	objects = {

/* Begin PBXBuildFile section */
		E7C56F6924F24B7D00559146 /* AppDelegate.swift in Sources */ = {isa = PBXBuildFile; fileRef = E7C56F6824F24B7D00559146 /* AppDelegate.swift */; };
		E7C56F6B24F24B7D00559146 /* SceneDelegate.swift in Sources */ = {isa = PBXBuildFile; fileRef = E7C56F6A24F24B7D00559146 /* SceneDelegate.swift */; };
		E7C56F6D24F24B7D00559146 /* ViewController.swift in Sources */ = {isa = PBXBuildFile; fileRef = E7C56F6C24F24B7D00559146 /* ViewController.swift */; };
		E7C56F7024F24B7D00559146 /* Main.storyboard in Resources */ = {isa = PBXBuildFile; fileRef = E7C56F6E24F24B7D00559146 /* Main.storyboard */; };
		E7C56F7224F24B7D00559146 /* ContentView.swift in Sources */ = {isa = PBXBuildFile; fileRef = E7C56F7124F24B7D00559146 /* ContentView.swift */; };
		E7C56F7424F24B7F00559146 /* Assets.xcassets in Resources */ = {isa = PBXBuildFile; fileRef = E7C56F7324F24B7F00559146 /* Assets.xcassets */; };
		E7C56F7724F24B7F00559146 /* LaunchScreen.storyboard in Resources */ = {isa = PBXBuildFile; fileRef = E7C56F7524F24B7F00559146 /* LaunchScreen.storyboard */; };
/* End PBXBuildFile section */

/* Begin PBXFileReference section */
		E7C56F6524F24B7D00559146 /* International-epidemicAPI.app */ = {isa = PBXFileReference; explicitFileType = wrapper.application; includeInIndex = 0; path = "International-epidemicAPI.app"; sourceTree = BUILT_PRODUCTS_DIR; };
		E7C56F6824F24B7D00559146 /* AppDelegate.swift */ = {isa = PBXFileReference; lastKnownFileType = sourcecode.swift; path = AppDelegate.swift; sourceTree = "<group>"; };
		E7C56F6A24F24B7D00559146 /* SceneDelegate.swift */ = {isa = PBXFileReference; lastKnownFileType = sourcecode.swift; path = SceneDelegate.swift; sourceTree = "<group>"; };
		E7C56F6C24F24B7D00559146 /* ViewController.swift */ = {isa = PBXFileReference; lastKnownFileType = sourcecode.swift; path = ViewController.swift; sourceTree = "<group>"; };
		E7C56F6F24F24B7D00559146 /* Base */ = {isa = PBXFileReference; lastKnownFileType = file.storyboard; name = Base; path = Base.lproj/Main.storyboard; sourceTree = "<group>"; };
		E7C56F7124F24B7D00559146 /* ContentView.swift */ = {isa = PBXFileReference; lastKnownFileType = sourcecode.swift; path = ContentView.swift; sourceTree = "<group>"; };
		E7C56F7324F24B7F00559146 /* Assets.xcassets */ = {isa = PBXFileReference; lastKnownFileType = folder.assetcatalog; path = Assets.xcassets; sourceTree = "<group>"; };
		E7C56F7624F24B7F00559146 /* Base */ = {isa = PBXFileReference; lastKnownFileType = file.storyboard; name = Base; path = Base.lproj/LaunchScreen.storyboard; sourceTree = "<group>"; };
		E7C56F7824F24B7F00559146 /* Info.plist */ = {isa = PBXFileReference; lastKnownFileType = text.plist.xml; path = Info.plist; sourceTree = "<group>"; };
/* End PBXFileReference section */

/* Begin PBXFrameworksBuildPhase section */
		E7C56F6224F24B7D00559146 /* Frameworks */ = {
			isa = PBXFrameworksBuildPhase;
			buildActionMask = 2147483647;
			files = (
			);
			runOnlyForDeploymentPostprocessing = 0;
		};
/* End PBXFrameworksBuildPhase section */

/* Begin PBXGroup section */
		E7C56F5C24F24B7D00559146 = {
			isa = PBXGroup;
			children = (
				E7C56F6724F24B7D00559146 /* International-epidemicAPI */,
				E7C56F6624F24B7D00559146 /* Products */,
			);
			sourceTree = "<group>";
		};
		E7C56F6624F24B7D00559146 /* Products */ = {
			isa = PBXGroup;
			children = (
				E7C56F6524F24B7D00559146 /* International-epidemicAPI.app */,
			);
			name = Products;
			sourceTree = "<group>";
		};
		E7C56F6724F24B7D00559146 /* International-epidemicAPI */ = {
			isa = PBXGroup;
			children = (
				E7C56F6824F24B7D00559146 /* AppDelegate.swift */,
				E7C56F6A24F24B7D00559146 /* SceneDelegate.swift */,
				E7C56F6C24F24B7D00559146 /* ViewController.swift */,
				E7C56F6E24F24B7D00559146 /* Main.storyboard */,
				E7C56F7124F24B7D00559146 /* ContentView.swift */,
				E7C56F7324F24B7F00559146 /* Assets.xcassets */,
				E7C56F7524F24B7F00559146 /* LaunchScreen.storyboard */,
				E7C56F7824F24B7F00559146 /* Info.plist */,
			);
			path = "International-epidemicAPI";
			sourceTree = "<group>";
		};
/* End PBXGroup section */

/* Begin PBXNativeTarget section */
		E7C56F6424F24B7D00559146 /* International-epidemicAPI */ = {
			isa = PBXNativeTarget;
			buildConfigurationList = E7C56F7B24F24B7F00559146 /* Build configuration list for PBXNativeTarget "International-epidemicAPI" */;
			buildPhases = (
				E7C56F6124F24B7D00559146 /* Sources */,
				E7C56F6224F24B7D00559146 /* Frameworks */,
				E7C56F6324F24B7D00559146 /* Resources */,
			);
			buildRules = (
			);
			dependencies = (
			);
			name = "International-epidemicAPI";
			productName = "International-epidemicAPI";
			productReference = E7C56F6524F24B7D00559146 /* International-epidemicAPI.app */;
			productType = "com.apple.product-type.application";
		};
/* End PBXNativeTarget section */

/* Begin PBXProject section */
		E7C56F5D24F24B7D00559146 /* Project object */ = {
			isa = PBXProject;
			attributes = {
				LastSwiftUpdateCheck = 1200;
				LastUpgradeCheck = 1200;
				TargetAttributes = {
					E7C56F6424F24B7D00559146 = {
						CreatedOnToolsVersion = 12.0;
					};
				};
			};
			buildConfigurationList = E7C56F6024F24B7D00559146 /* Build configuration list for PBXProject "International-epidemicAPI" */;
			compatibilityVersion = "Xcode 9.3";
			developmentRegion = en;
			hasScannedForEncodings = 0;
			knownRegions = (
				en,
				Base,
			);
			mainGroup = E7C56F5C24F24B7D00559146;
			productRefGroup = E7C56F6624F24B7D00559146 /* Products */;
			projectDirPath = "";
			projectRoot = "";
			targets = (
				E7C56F6424F24B7D00559146 /* International-epidemicAPI */,
			);
		};
/* End PBXProject section */

/* Begin PBXResourcesBuildPhase section */
		E7C56F6324F24B7D00559146 /* Resources */ = {
			isa = PBXResourcesBuildPhase;
			buildActionMask = 2147483647;
			files = (
				E7C56F7724F24B7F00559146 /* LaunchScreen.storyboard in Resources */,
				E7C56F7424F24B7F00559146 /* Assets.xcassets in Resources */,
				E7C56F7024F24B7D00559146 /* Main.storyboard in Resources */,
			);
			runOnlyForDeploymentPostprocessing = 0;
		};
/* End PBXResourcesBuildPhase section */

/* Begin PBXSourcesBuildPhase section */
		E7C56F6124F24B7D00559146 /* Sources */ = {
			isa = PBXSourcesBuildPhase;
			buildActionMask = 2147483647;
			files = (
				E7C56F6D24F24B7D00559146 /* ViewController.swift in Sources */,
				E7C56F6924F24B7D00559146 /* AppDelegate.swift in Sources */,
				E7C56F7224F24B7D00559146 /* ContentView.swift in Sources */,
				E7C56F6B24F24B7D00559146 /* SceneDelegate.swift in Sources */,
			);
			runOnlyForDeploymentPostprocessing = 0;
		};
/* End PBXSourcesBuildPhase section */

/* Begin PBXVariantGroup section */
		E7C56F6E24F24B7D00559146 /* Main.storyboard */ = {
			isa = PBXVariantGroup;
			children = (
				E7C56F6F24F24B7D00559146 /* Base */,
			);
			name = Main.storyboard;
			sourceTree = "<group>";
		};
		E7C56F7524F24B7F00559146 /* LaunchScreen.storyboard */ = {
			isa = PBXVariantGroup;
			children = (
				E7C56F7624F24B7F00559146 /* Base */,
			);
			name = LaunchScreen.storyboard;
			sourceTree = "<group>";
		};
/* End PBXVariantGroup section */

/* Begin XCBuildConfiguration section */
		E7C56F7924F24B7F00559146 /* Debug */ = {
			isa = XCBuildConfiguration;
			buildSettings = {
				ALWAYS_SEARCH_USER_PATHS = NO;
				CLANG_ANALYZER_NONNULL = YES;
				CLANG_ANALYZER_NUMBER_OBJECT_CONVERSION = YES_AGGRESSIVE;
				CLANG_CXX_LANGUAGE_STANDARD = "gnu++14";
				CLANG_CXX_LIBRARY = "libc++";
				CLANG_ENABLE_MODULES = YES;
				CLANG_ENABLE_OBJC_ARC = YES;
				CLANG_ENABLE_OBJC_WEAK = YES;
				CLANG_WARN_BLOCK_CAPTURE_AUTORELEASING = YES;
				CLANG_WARN_BOOL_CONVERSION = YES;
				CLANG_WARN_COMMA = YES;
				CLANG_WARN_CONSTANT_CONVERSION = YES;
				CLANG_WARN_DEPRECATED_OBJC_IMPLEMENTATIONS = YES;
				CLANG_WARN_DIRECT_OBJC_ISA_USAGE = YES_ERROR;
				CLANG_WARN_DOCUMENTATION_COMMENTS = YES;
				CLANG_WARN_EMPTY_BODY = YES;
				CLANG_WARN_ENUM_CONVERSION = YES;
				CLANG_WARN_INFINITE_RECURSION = YES;
				CLANG_WARN_INT_CONVERSION = YES;
				CLANG_WARN_NON_LITERAL_NULL_CONVERSION = YES;
				CLANG_WARN_OBJC_IMPLICIT_RETAIN_SELF = YES;
				CLANG_WARN_OBJC_LITERAL_CONVERSION = YES;
				CLANG_WARN_OBJC_ROOT_CLASS = YES_ERROR;
				CLANG_WARN_QUOTED_INCLUDE_IN_FRAMEWORK_HEADER = YES;
				CLANG_WARN_RANGE_LOOP_ANALYSIS = YES;
				CLANG_WARN_STRICT_PROTOTYPES = YES;
				CLANG_WARN_SUSPICIOUS_MOVE = YES;
				CLANG_WARN_UNGUARDED_AVAILABILITY = YES_AGGRESSIVE;
				CLANG_WARN_UNREACHABLE_CODE = YES;
				CLANG_WARN__DUPLICATE_METHOD_MATCH = YES;
				COPY_PHASE_STRIP = NO;
				DEBUG_INFORMATION_FORMAT = dwarf;
				ENABLE_STRICT_OBJC_MSGSEND = YES;
				ENABLE_TESTABILITY = YES;
				GCC_C_LANGUAGE_STANDARD = gnu11;
				GCC_DYNAMIC_NO_PIC = NO;
				GCC_NO_COMMON_BLOCKS = YES;
				GCC_OPTIMIZATION_LEVEL = 0;
				GCC_PREPROCESSOR_DEFINITIONS = (
					"DEBUG=1",
					"$(inherited)",
				);
				GCC_WARN_64_TO_32_BIT_CONVERSION = YES;
				GCC_WARN_ABOUT_RETURN_TYPE = YES_ERROR;
				GCC_WARN_UNDECLARED_SELECTOR = YES;
				GCC_WARN_UNINITIALIZED_AUTOS = YES_AGGRESSIVE;
				GCC_WARN_UNUSED_FUNCTION = YES;
				GCC_WARN_UNUSED_VARIABLE = YES;
				IPHONEOS_DEPLOYMENT_TARGET = 14.0;
				MTL_ENABLE_DEBUG_INFO = INCLUDE_SOURCE;
				MTL_FAST_MATH = YES;
				ONLY_ACTIVE_ARCH = YES;
				SDKROOT = iphoneos;
				SWIFT_ACTIVE_COMPILATION_CONDITIONS = DEBUG;
				SWIFT_OPTIMIZATION_LEVEL = "-Onone";
			};
			name = Debug;
		};
		E7C56F7A24F24B7F00559146 /* Release */ = {
			isa = XCBuildConfiguration;
			buildSettings = {
				ALWAYS_SEARCH_USER_PATHS = NO;
				CLANG_ANALYZER_NONNULL = YES;
				CLANG_ANALYZER_NUMBER_OBJECT_CONVERSION = YES_AGGRESSIVE;
				CLANG_CXX_LANGUAGE_STANDARD = "gnu++14";
				CLANG_CXX_LIBRARY = "libc++";
				CLANG_ENABLE_MODULES = YES;
				CLANG_ENABLE_OBJC_ARC = YES;
				CLANG_ENABLE_OBJC_WEAK = YES;
				CLANG_WARN_BLOCK_CAPTURE_AUTORELEASING = YES;
				CLANG_WARN_BOOL_CONVERSION = YES;
				CLANG_WARN_COMMA = YES;
				CLANG_WARN_CONSTANT_CONVERSION = YES;
				CLANG_WARN_DEPRECATED_OBJC_IMPLEMENTATIONS = YES;
				CLANG_WARN_DIRECT_OBJC_ISA_USAGE = YES_ERROR;
				CLANG_WARN_DOCUMENTATION_COMMENTS = YES;
				CLANG_WARN_EMPTY_BODY = YES;
				CLANG_WARN_ENUM_CONVERSION = YES;
				CLANG_WARN_INFINITE_RECURSION = YES;
				CLANG_WARN_INT_CONVERSION = YES;
				CLANG_WARN_NON_LITERAL_NULL_CONVERSION = YES;
				CLANG_WARN_OBJC_IMPLICIT_RETAIN_SELF = YES;
				CLANG_WARN_OBJC_LITERAL_CONVERSION = YES;
				CLANG_WARN_OBJC_ROOT_CLASS = YES_ERROR;
				CLANG_WARN_QUOTED_INCLUDE_IN_FRAMEWORK_HEADER = YES;
				CLANG_WARN_RANGE_LOOP_ANALYSIS = YES;
				CLANG_WARN_STRICT_PROTOTYPES = YES;
				CLANG_WARN_SUSPICIOUS_MOVE = YES;
				CLANG_WARN_UNGUARDED_AVAILABILITY = YES_AGGRESSIVE;
				CLANG_WARN_UNREACHABLE_CODE = YES;
				CLANG_WARN__DUPLICATE_METHOD_MATCH = YES;
				COPY_PHASE_STRIP = NO;
				DEBUG_INFORMATION_FORMAT = "dwarf-with-dsym";
				ENABLE_NS_ASSERTIONS = NO;
				ENABLE_STRICT_OBJC_MSGSEND = YES;
				GCC_C_LANGUAGE_STANDARD = gnu11;
				GCC_NO_COMMON_BLOCKS = YES;
				GCC_WARN_64_TO_32_BIT_CONVERSION = YES;
				GCC_WARN_ABOUT_RETURN_TYPE = YES_ERROR;
				GCC_WARN_UNDECLARED_SELECTOR = YES;
				GCC_WARN_UNINITIALIZED_AUTOS = YES_AGGRESSIVE;
				GCC_WARN_UNUSED_FUNCTION = YES;
				GCC_WARN_UNUSED_VARIABLE = YES;
				IPHONEOS_DEPLOYMENT_TARGET = 14.0;
				MTL_ENABLE_DEBUG_INFO = NO;
				MTL_FAST_MATH = YES;
				SDKROOT = iphoneos;
				SWIFT_COMPILATION_MODE = wholemodule;
				SWIFT_OPTIMIZATION_LEVEL = "-O";
				VALIDATE_PRODUCT = YES;
			};
			name = Release;
		};
		E7C56F7C24F24B7F00559146 /* Debug */ = {
			isa = XCBuildConfiguration;
			buildSettings = {
				ASSETCATALOG_COMPILER_APPICON_NAME = AppIcon;
				ASSETCATALOG_COMPILER_GLOBAL_ACCENT_COLOR_NAME = AccentColor;
				CODE_SIGN_STYLE = Automatic;
				DEVELOPMENT_TEAM = MP5DW8D2UG;
				INFOPLIST_FILE = "International-epidemicAPI/Info.plist";
				LD_RUNPATH_SEARCH_PATHS = (
					"$(inherited)",
					"@executable_path/Frameworks",
				);
				PRODUCT_BUNDLE_IDENTIFIER = "com.shelly.International-epidemicAPI";
				PRODUCT_NAME = "$(TARGET_NAME)";
				SWIFT_VERSION = 5.0;
				TARGETED_DEVICE_FAMILY = "1,2";
			};
			name = Debug;
		};
		E7C56F7D24F24B7F00559146 /* Release */ = {
			isa = XCBuildConfiguration;
			buildSettings = {
				ASSETCATALOG_COMPILER_APPICON_NAME = AppIcon;
				ASSETCATALOG_COMPILER_GLOBAL_ACCENT_COLOR_NAME = AccentColor;
				CODE_SIGN_STYLE = Automatic;
				DEVELOPMENT_TEAM = MP5DW8D2UG;
				INFOPLIST_FILE = "International-epidemicAPI/Info.plist";
				LD_RUNPATH_SEARCH_PATHS = (
					"$(inherited)",
					"@executable_path/Frameworks",
				);
				PRODUCT_BUNDLE_IDENTIFIER = "com.shelly.International-epidemicAPI";
				PRODUCT_NAME = "$(TARGET_NAME)";
				SWIFT_VERSION = 5.0;
				TARGETED_DEVICE_FAMILY = "1,2";
			};
			name = Release;
		};
/* End XCBuildConfiguration section */

/* Begin XCConfigurationList section */
		E7C56F6024F24B7D00559146 /* Build configuration list for PBXProject "International-epidemicAPI" */ = {
			isa = XCConfigurationList;
			buildConfigurations = (
				E7C56F7924F24B7F00559146 /* Debug */,
				E7C56F7A24F24B7F00559146 /* Release */,
			);
			defaultConfigurationIsVisible = 0;
			defaultConfigurationName = Release;
		};
		E7C56F7B24F24B7F00559146 /* Build configuration list for PBXNativeTarget "International-epidemicAPI" */ = {
			isa = XCConfigurationList;
			buildConfigurations = (
				E7C56F7C24F24B7F00559146 /* Debug */,
				E7C56F7D24F24B7F00559146 /* Release */,
			);
			defaultConfigurationIsVisible = 0;
			defaultConfigurationName = Release;
		};
/* End XCConfigurationList section */
	};
	rootObject = E7C56F5D24F24B7D00559146 /* Project object */;
}
